// !$*UTF8*$!
{
	archiveVersion = 1;
	classes = {
	};
	objectVersion = 56;
	objects = {

/* Begin PBXBuildFile section */
		616697722C36242800FFD8BE /* HP_TriviaApp.swift in Sources */ = {isa = PBXBuildFile; fileRef = 616697712C36242800FFD8BE /* HP_TriviaApp.swift */; };
		616697742C36242800FFD8BE /* ContentView.swift in Sources */ = {isa = PBXBuildFile; fileRef = 616697732C36242800FFD8BE /* ContentView.swift */; };
		616697762C36242900FFD8BE /* Assets.xcassets in Resources */ = {isa = PBXBuildFile; fileRef = 616697752C36242900FFD8BE /* Assets.xcassets */; };
		616697792C36242900FFD8BE /* Preview Assets.xcassets in Resources */ = {isa = PBXBuildFile; fileRef = 616697782C36242900FFD8BE /* Preview Assets.xcassets */; };
		616697802C36259700FFD8BE /* trivia.json in Resources */ = {isa = PBXBuildFile; fileRef = 6166977F2C36259700FFD8BE /* trivia.json */; };
		616697892C3625CB00FFD8BE /* hiding-place-in-the-forest.mp3 in Resources */ = {isa = PBXBuildFile; fileRef = 616697812C3625CB00FFD8BE /* hiding-place-in-the-forest.mp3 */; };
		6166978A2C3625CB00FFD8BE /* negative-beeps.mp3 in Resources */ = {isa = PBXBuildFile; fileRef = 616697822C3625CB00FFD8BE /* negative-beeps.mp3 */; };
		6166978B2C3625CB00FFD8BE /* deep-in-the-dell.mp3 in Resources */ = {isa = PBXBuildFile; fileRef = 616697832C3625CB00FFD8BE /* deep-in-the-dell.mp3 */; };
		6166978C2C3625CB00FFD8BE /* spellcraft.mp3 in Resources */ = {isa = PBXBuildFile; fileRef = 616697842C3625CB00FFD8BE /* spellcraft.mp3 */; };
		6166978D2C3625CB00FFD8BE /* page-flip.mp3 in Resources */ = {isa = PBXBuildFile; fileRef = 616697852C3625CB00FFD8BE /* page-flip.mp3 */; };
		6166978E2C3625CB00FFD8BE /* magic-wand.mp3 in Resources */ = {isa = PBXBuildFile; fileRef = 616697862C3625CB00FFD8BE /* magic-wand.mp3 */; };
		6166978F2C3625CB00FFD8BE /* magic-in-the-air.mp3 in Resources */ = {isa = PBXBuildFile; fileRef = 616697872C3625CB00FFD8BE /* magic-in-the-air.mp3 */; };
		616697902C3625CB00FFD8BE /* let-the-mystery-unfold.mp3 in Resources */ = {isa = PBXBuildFile; fileRef = 616697882C3625CB00FFD8BE /* let-the-mystery-unfold.mp3 */; };
		616697922C362D6A00FFD8BE /* Constants.swift in Sources */ = {isa = PBXBuildFile; fileRef = 616697912C362D6A00FFD8BE /* Constants.swift */; };
		61F7E9552C37640C00ABEB4C /* Instructions.swift in Sources */ = {isa = PBXBuildFile; fileRef = 61F7E9542C37640C00ABEB4C /* Instructions.swift */; };
		61F7E9572C376E6400ABEB4C /* Settings.swift in Sources */ = {isa = PBXBuildFile; fileRef = 61F7E9562C376E6400ABEB4C /* Settings.swift */; };
/* End PBXBuildFile section */

/* Begin PBXFileReference section */
		6166976E2C36242800FFD8BE /* HP Trivia.app */ = {isa = PBXFileReference; explicitFileType = wrapper.application; includeInIndex = 0; path = "HP Trivia.app"; sourceTree = BUILT_PRODUCTS_DIR; };
		616697712C36242800FFD8BE /* HP_TriviaApp.swift */ = {isa = PBXFileReference; lastKnownFileType = sourcecode.swift; path = HP_TriviaApp.swift; sourceTree = "<group>"; };
		616697732C36242800FFD8BE /* ContentView.swift */ = {isa = PBXFileReference; lastKnownFileType = sourcecode.swift; path = ContentView.swift; sourceTree = "<group>"; };
		616697752C36242900FFD8BE /* Assets.xcassets */ = {isa = PBXFileReference; lastKnownFileType = folder.assetcatalog; path = Assets.xcassets; sourceTree = "<group>"; };
		616697782C36242900FFD8BE /* Preview Assets.xcassets */ = {isa = PBXFileReference; lastKnownFileType = folder.assetcatalog; path = "Preview Assets.xcassets"; sourceTree = "<group>"; };
		6166977F2C36259700FFD8BE /* trivia.json */ = {isa = PBXFileReference; fileEncoding = 4; lastKnownFileType = text.json; path = trivia.json; sourceTree = "<group>"; };
		616697812C3625CB00FFD8BE /* hiding-place-in-the-forest.mp3 */ = {isa = PBXFileReference; lastKnownFileType = audio.mp3; path = "hiding-place-in-the-forest.mp3"; sourceTree = "<group>"; };
		616697822C3625CB00FFD8BE /* negative-beeps.mp3 */ = {isa = PBXFileReference; lastKnownFileType = audio.mp3; path = "negative-beeps.mp3"; sourceTree = "<group>"; };
		616697832C3625CB00FFD8BE /* deep-in-the-dell.mp3 */ = {isa = PBXFileReference; lastKnownFileType = audio.mp3; path = "deep-in-the-dell.mp3"; sourceTree = "<group>"; };
		616697842C3625CB00FFD8BE /* spellcraft.mp3 */ = {isa = PBXFileReference; lastKnownFileType = audio.mp3; path = spellcraft.mp3; sourceTree = "<group>"; };
		616697852C3625CB00FFD8BE /* page-flip.mp3 */ = {isa = PBXFileReference; lastKnownFileType = audio.mp3; path = "page-flip.mp3"; sourceTree = "<group>"; };
		616697862C3625CB00FFD8BE /* magic-wand.mp3 */ = {isa = PBXFileReference; lastKnownFileType = audio.mp3; path = "magic-wand.mp3"; sourceTree = "<group>"; };
		616697872C3625CB00FFD8BE /* magic-in-the-air.mp3 */ = {isa = PBXFileReference; lastKnownFileType = audio.mp3; path = "magic-in-the-air.mp3"; sourceTree = "<group>"; };
		616697882C3625CB00FFD8BE /* let-the-mystery-unfold.mp3 */ = {isa = PBXFileReference; lastKnownFileType = audio.mp3; path = "let-the-mystery-unfold.mp3"; sourceTree = "<group>"; };
		616697912C362D6A00FFD8BE /* Constants.swift */ = {isa = PBXFileReference; lastKnownFileType = sourcecode.swift; path = Constants.swift; sourceTree = "<group>"; };
		61F7E9542C37640C00ABEB4C /* Instructions.swift */ = {isa = PBXFileReference; lastKnownFileType = sourcecode.swift; path = Instructions.swift; sourceTree = "<group>"; };
		61F7E9562C376E6400ABEB4C /* Settings.swift */ = {isa = PBXFileReference; lastKnownFileType = sourcecode.swift; path = Settings.swift; sourceTree = "<group>"; };
/* End PBXFileReference section */

/* Begin PBXFrameworksBuildPhase section */
		6166976B2C36242800FFD8BE /* Frameworks */ = {
			isa = PBXFrameworksBuildPhase;
			buildActionMask = 2147483647;
			files = (
			);
			runOnlyForDeploymentPostprocessing = 0;
		};
/* End PBXFrameworksBuildPhase section */

/* Begin PBXGroup section */
		616697652C36242800FFD8BE = {
			isa = PBXGroup;
			children = (
				616697702C36242800FFD8BE /* HP Trivia */,
				6166976F2C36242800FFD8BE /* Products */,
			);
			sourceTree = "<group>";
		};
		6166976F2C36242800FFD8BE /* Products */ = {
			isa = PBXGroup;
			children = (
				6166976E2C36242800FFD8BE /* HP Trivia.app */,
			);
			name = Products;
			sourceTree = "<group>";
		};
		616697702C36242800FFD8BE /* HP Trivia */ = {
			isa = PBXGroup;
			children = (
				616697712C36242800FFD8BE /* HP_TriviaApp.swift */,
				616697732C36242800FFD8BE /* ContentView.swift */,
				61F7E9562C376E6400ABEB4C /* Settings.swift */,
				61F7E9542C37640C00ABEB4C /* Instructions.swift */,
				616697912C362D6A00FFD8BE /* Constants.swift */,
				6166977F2C36259700FFD8BE /* trivia.json */,
				616697752C36242900FFD8BE /* Assets.xcassets */,
				616697832C3625CB00FFD8BE /* deep-in-the-dell.mp3 */,
				616697812C3625CB00FFD8BE /* hiding-place-in-the-forest.mp3 */,
				616697882C3625CB00FFD8BE /* let-the-mystery-unfold.mp3 */,
				616697872C3625CB00FFD8BE /* magic-in-the-air.mp3 */,
				616697862C3625CB00FFD8BE /* magic-wand.mp3 */,
				616697822C3625CB00FFD8BE /* negative-beeps.mp3 */,
				616697852C3625CB00FFD8BE /* page-flip.mp3 */,
				616697842C3625CB00FFD8BE /* spellcraft.mp3 */,
				616697772C36242900FFD8BE /* Preview Content */,
			);
			path = "HP Trivia";
			sourceTree = "<group>";
		};
		616697772C36242900FFD8BE /* Preview Content */ = {
			isa = PBXGroup;
			children = (
				616697782C36242900FFD8BE /* Preview Assets.xcassets */,
			);
			path = "Preview Content";
			sourceTree = "<group>";
		};
/* End PBXGroup section */

/* Begin PBXNativeTarget section */
		6166976D2C36242800FFD8BE /* HP Trivia */ = {
			isa = PBXNativeTarget;
			buildConfigurationList = 6166977C2C36242900FFD8BE /* Build configuration list for PBXNativeTarget "HP Trivia" */;
			buildPhases = (
				6166976A2C36242800FFD8BE /* Sources */,
				6166976B2C36242800FFD8BE /* Frameworks */,
				6166976C2C36242800FFD8BE /* Resources */,
			);
			buildRules = (
			);
			dependencies = (
			);
			name = "HP Trivia";
			productName = "HP Trivia";
			productReference = 6166976E2C36242800FFD8BE /* HP Trivia.app */;
			productType = "com.apple.product-type.application";
		};
/* End PBXNativeTarget section */

/* Begin PBXProject section */
		616697662C36242800FFD8BE /* Project object */ = {
			isa = PBXProject;
			attributes = {
				BuildIndependentTargetsInParallel = 1;
				LastSwiftUpdateCheck = 1500;
				LastUpgradeCheck = 1500;
				TargetAttributes = {
					6166976D2C36242800FFD8BE = {
						CreatedOnToolsVersion = 15.0;
					};
				};
			};
			buildConfigurationList = 616697692C36242800FFD8BE /* Build configuration list for PBXProject "HP Trivia" */;
			compatibilityVersion = "Xcode 14.0";
			developmentRegion = en;
			hasScannedForEncodings = 0;
			knownRegions = (
				en,
				Base,
			);
			mainGroup = 616697652C36242800FFD8BE;
			productRefGroup = 6166976F2C36242800FFD8BE /* Products */;
			projectDirPath = "";
			projectRoot = "";
			targets = (
				6166976D2C36242800FFD8BE /* HP Trivia */,
			);
		};
/* End PBXProject section */

/* Begin PBXResourcesBuildPhase section */
		6166976C2C36242800FFD8BE /* Resources */ = {
			isa = PBXResourcesBuildPhase;
			buildActionMask = 2147483647;
			files = (
				6166978D2C3625CB00FFD8BE /* page-flip.mp3 in Resources */,
				6166978B2C3625CB00FFD8BE /* deep-in-the-dell.mp3 in Resources */,
				6166978E2C3625CB00FFD8BE /* magic-wand.mp3 in Resources */,
				616697792C36242900FFD8BE /* Preview Assets.xcassets in Resources */,
				6166978A2C3625CB00FFD8BE /* negative-beeps.mp3 in Resources */,
				616697902C3625CB00FFD8BE /* let-the-mystery-unfold.mp3 in Resources */,
				616697762C36242900FFD8BE /* Assets.xcassets in Resources */,
				6166978F2C3625CB00FFD8BE /* magic-in-the-air.mp3 in Resources */,
				6166978C2C3625CB00FFD8BE /* spellcraft.mp3 in Resources */,
				616697802C36259700FFD8BE /* trivia.json in Resources */,
				616697892C3625CB00FFD8BE /* hiding-place-in-the-forest.mp3 in Resources */,
			);
			runOnlyForDeploymentPostprocessing = 0;
		};
/* End PBXResourcesBuildPhase section */

/* Begin PBXSourcesBuildPhase section */
		6166976A2C36242800FFD8BE /* Sources */ = {
			isa = PBXSourcesBuildPhase;
			buildActionMask = 2147483647;
			files = (
				616697742C36242800FFD8BE /* ContentView.swift in Sources */,
				616697722C36242800FFD8BE /* HP_TriviaApp.swift in Sources */,
				61F7E9552C37640C00ABEB4C /* Instructions.swift in Sources */,
				616697922C362D6A00FFD8BE /* Constants.swift in Sources */,
				61F7E9572C376E6400ABEB4C /* Settings.swift in Sources */,
			);
			runOnlyForDeploymentPostprocessing = 0;
		};
/* End PBXSourcesBuildPhase section */

/* Begin XCBuildConfiguration section */
		6166977A2C36242900FFD8BE /* Debug */ = {
			isa = XCBuildConfiguration;
			buildSettings = {
				ALWAYS_SEARCH_USER_PATHS = NO;
				ASSETCATALOG_COMPILER_GENERATE_SWIFT_ASSET_SYMBOL_EXTENSIONS = YES;
				CLANG_ANALYZER_NONNULL = YES;
				CLANG_ANALYZER_NUMBER_OBJECT_CONVERSION = YES_AGGRESSIVE;
				CLANG_CXX_LANGUAGE_STANDARD = "gnu++20";
				CLANG_ENABLE_MODULES = YES;
				CLANG_ENABLE_OBJC_ARC = YES;
				CLANG_ENABLE_OBJC_WEAK = YES;
				CLANG_WARN_BLOCK_CAPTURE_AUTORELEASING = YES;
				CLANG_WARN_BOOL_CONVERSION = YES;
				CLANG_WARN_COMMA = YES;
				CLANG_WARN_CONSTANT_CONVERSION = YES;
				CLANG_WARN_DEPRECATED_OBJC_IMPLEMENTATIONS = YES;
				CLANG_WARN_DIRECT_OBJC_ISA_USAGE = YES_ERROR;
				CLANG_WARN_DOCUMENTATION_COMMENTS = YES;
				CLANG_WARN_EMPTY_BODY = YES;
				CLANG_WARN_ENUM_CONVERSION = YES;
				CLANG_WARN_INFINITE_RECURSION = YES;
				CLANG_WARN_INT_CONVERSION = YES;
				CLANG_WARN_NON_LITERAL_NULL_CONVERSION = YES;
				CLANG_WARN_OBJC_IMPLICIT_RETAIN_SELF = YES;
				CLANG_WARN_OBJC_LITERAL_CONVERSION = YES;
				CLANG_WARN_OBJC_ROOT_CLASS = YES_ERROR;
				CLANG_WARN_QUOTED_INCLUDE_IN_FRAMEWORK_HEADER = YES;
				CLANG_WARN_RANGE_LOOP_ANALYSIS = YES;
				CLANG_WARN_STRICT_PROTOTYPES = YES;
				CLANG_WARN_SUSPICIOUS_MOVE = YES;
				CLANG_WARN_UNGUARDED_AVAILABILITY = YES_AGGRESSIVE;
				CLANG_WARN_UNREACHABLE_CODE = YES;
				CLANG_WARN__DUPLICATE_METHOD_MATCH = YES;
				COPY_PHASE_STRIP = NO;
				DEBUG_INFORMATION_FORMAT = dwarf;
				ENABLE_STRICT_OBJC_MSGSEND = YES;
				ENABLE_TESTABILITY = YES;
				ENABLE_USER_SCRIPT_SANDBOXING = YES;
				GCC_C_LANGUAGE_STANDARD = gnu17;
				GCC_DYNAMIC_NO_PIC = NO;
				GCC_NO_COMMON_BLOCKS = YES;
				GCC_OPTIMIZATION_LEVEL = 0;
				GCC_PREPROCESSOR_DEFINITIONS = (
					"DEBUG=1",
					"$(inherited)",
				);
				GCC_WARN_64_TO_32_BIT_CONVERSION = YES;
				GCC_WARN_ABOUT_RETURN_TYPE = YES_ERROR;
				GCC_WARN_UNDECLARED_SELECTOR = YES;
				GCC_WARN_UNINITIALIZED_AUTOS = YES_AGGRESSIVE;
				GCC_WARN_UNUSED_FUNCTION = YES;
				GCC_WARN_UNUSED_VARIABLE = YES;
				IPHONEOS_DEPLOYMENT_TARGET = 17.0;
				LOCALIZATION_PREFERS_STRING_CATALOGS = YES;
				MTL_ENABLE_DEBUG_INFO = INCLUDE_SOURCE;
				MTL_FAST_MATH = YES;
				ONLY_ACTIVE_ARCH = YES;
				SDKROOT = iphoneos;
				SWIFT_ACTIVE_COMPILATION_CONDITIONS = "DEBUG $(inherited)";
				SWIFT_OPTIMIZATION_LEVEL = "-Onone";
			};
			name = Debug;
		};
		6166977B2C36242900FFD8BE /* Release */ = {
			isa = XCBuildConfiguration;
			buildSettings = {
				ALWAYS_SEARCH_USER_PATHS = NO;
				ASSETCATALOG_COMPILER_GENERATE_SWIFT_ASSET_SYMBOL_EXTENSIONS = YES;
				CLANG_ANALYZER_NONNULL = YES;
				CLANG_ANALYZER_NUMBER_OBJECT_CONVERSION = YES_AGGRESSIVE;
				CLANG_CXX_LANGUAGE_STANDARD = "gnu++20";
				CLANG_ENABLE_MODULES = YES;
				CLANG_ENABLE_OBJC_ARC = YES;
				CLANG_ENABLE_OBJC_WEAK = YES;
				CLANG_WARN_BLOCK_CAPTURE_AUTORELEASING = YES;
				CLANG_WARN_BOOL_CONVERSION = YES;
				CLANG_WARN_COMMA = YES;
				CLANG_WARN_CONSTANT_CONVERSION = YES;
				CLANG_WARN_DEPRECATED_OBJC_IMPLEMENTATIONS = YES;
				CLANG_WARN_DIRECT_OBJC_ISA_USAGE = YES_ERROR;
				CLANG_WARN_DOCUMENTATION_COMMENTS = YES;
				CLANG_WARN_EMPTY_BODY = YES;
				CLANG_WARN_ENUM_CONVERSION = YES;
				CLANG_WARN_INFINITE_RECURSION = YES;
				CLANG_WARN_INT_CONVERSION = YES;
				CLANG_WARN_NON_LITERAL_NULL_CONVERSION = YES;
				CLANG_WARN_OBJC_IMPLICIT_RETAIN_SELF = YES;
				CLANG_WARN_OBJC_LITERAL_CONVERSION = YES;
				CLANG_WARN_OBJC_ROOT_CLASS = YES_ERROR;
				CLANG_WARN_QUOTED_INCLUDE_IN_FRAMEWORK_HEADER = YES;
				CLANG_WARN_RANGE_LOOP_ANALYSIS = YES;
				CLANG_WARN_STRICT_PROTOTYPES = YES;
				CLANG_WARN_SUSPICIOUS_MOVE = YES;
				CLANG_WARN_UNGUARDED_AVAILABILITY = YES_AGGRESSIVE;
				CLANG_WARN_UNREACHABLE_CODE = YES;
				CLANG_WARN__DUPLICATE_METHOD_MATCH = YES;
				COPY_PHASE_STRIP = NO;
				DEBUG_INFORMATION_FORMAT = "dwarf-with-dsym";
				ENABLE_NS_ASSERTIONS = NO;
				ENABLE_STRICT_OBJC_MSGSEND = YES;
				ENABLE_USER_SCRIPT_SANDBOXING = YES;
				GCC_C_LANGUAGE_STANDARD = gnu17;
				GCC_NO_COMMON_BLOCKS = YES;
				GCC_WARN_64_TO_32_BIT_CONVERSION = YES;
				GCC_WARN_ABOUT_RETURN_TYPE = YES_ERROR;
				GCC_WARN_UNDECLARED_SELECTOR = YES;
				GCC_WARN_UNINITIALIZED_AUTOS = YES_AGGRESSIVE;
				GCC_WARN_UNUSED_FUNCTION = YES;
				GCC_WARN_UNUSED_VARIABLE = YES;
				IPHONEOS_DEPLOYMENT_TARGET = 17.0;
				LOCALIZATION_PREFERS_STRING_CATALOGS = YES;
				MTL_ENABLE_DEBUG_INFO = NO;
				MTL_FAST_MATH = YES;
				SDKROOT = iphoneos;
				SWIFT_COMPILATION_MODE = wholemodule;
				VALIDATE_PRODUCT = YES;
			};
			name = Release;
		};
		6166977D2C36242900FFD8BE /* Debug */ = {
			isa = XCBuildConfiguration;
			buildSettings = {
				ASSETCATALOG_COMPILER_APPICON_NAME = AppIcon;
				ASSETCATALOG_COMPILER_GLOBAL_ACCENT_COLOR_NAME = AccentColor;
				CODE_SIGN_STYLE = Automatic;
				CURRENT_PROJECT_VERSION = 1;
				DEVELOPMENT_ASSET_PATHS = "\"HP Trivia/Preview Content\"";
				DEVELOPMENT_TEAM = 6LKSUF5VU2;
				ENABLE_PREVIEWS = YES;
				GENERATE_INFOPLIST_FILE = YES;
				INFOPLIST_KEY_UIApplicationSceneManifest_Generation = YES;
				INFOPLIST_KEY_UIApplicationSupportsIndirectInputEvents = YES;
				INFOPLIST_KEY_UILaunchScreen_Generation = YES;
				INFOPLIST_KEY_UISupportedInterfaceOrientations_iPad = "UIInterfaceOrientationPortrait UIInterfaceOrientationPortraitUpsideDown UIInterfaceOrientationLandscapeLeft UIInterfaceOrientationLandscapeRight";
				INFOPLIST_KEY_UISupportedInterfaceOrientations_iPhone = "UIInterfaceOrientationPortrait UIInterfaceOrientationLandscapeLeft UIInterfaceOrientationLandscapeRight";
				LD_RUNPATH_SEARCH_PATHS = (
					"$(inherited)",
					"@executable_path/Frameworks",
				);
				MARKETING_VERSION = 1.0;
				PRODUCT_BUNDLE_IDENTIFIER = "com.cloviscarmezini.HP-Trivia";
				PRODUCT_NAME = "$(TARGET_NAME)";
				SWIFT_EMIT_LOC_STRINGS = YES;
				SWIFT_VERSION = 5.0;
				TARGETED_DEVICE_FAMILY = "1,2";
			};
			name = Debug;
		};
		6166977E2C36242900FFD8BE /* Release */ = {
			isa = XCBuildConfiguration;
			buildSettings = {
				ASSETCATALOG_COMPILER_APPICON_NAME = AppIcon;
				ASSETCATALOG_COMPILER_GLOBAL_ACCENT_COLOR_NAME = AccentColor;
				CODE_SIGN_STYLE = Automatic;
				CURRENT_PROJECT_VERSION = 1;
				DEVELOPMENT_ASSET_PATHS = "\"HP Trivia/Preview Content\"";
				DEVELOPMENT_TEAM = 6LKSUF5VU2;
				ENABLE_PREVIEWS = YES;
				GENERATE_INFOPLIST_FILE = YES;
				INFOPLIST_KEY_UIApplicationSceneManifest_Generation = YES;
				INFOPLIST_KEY_UIApplicationSupportsIndirectInputEvents = YES;
				INFOPLIST_KEY_UILaunchScreen_Generation = YES;
				INFOPLIST_KEY_UISupportedInterfaceOrientations_iPad = "UIInterfaceOrientationPortrait UIInterfaceOrientationPortraitUpsideDown UIInterfaceOrientationLandscapeLeft UIInterfaceOrientationLandscapeRight";
				INFOPLIST_KEY_UISupportedInterfaceOrientations_iPhone = "UIInterfaceOrientationPortrait UIInterfaceOrientationLandscapeLeft UIInterfaceOrientationLandscapeRight";
				LD_RUNPATH_SEARCH_PATHS = (
					"$(inherited)",
					"@executable_path/Frameworks",
				);
				MARKETING_VERSION = 1.0;
				PRODUCT_BUNDLE_IDENTIFIER = "com.cloviscarmezini.HP-Trivia";
				PRODUCT_NAME = "$(TARGET_NAME)";
				SWIFT_EMIT_LOC_STRINGS = YES;
				SWIFT_VERSION = 5.0;
				TARGETED_DEVICE_FAMILY = "1,2";
			};
			name = Release;
		};
/* End XCBuildConfiguration section */

/* Begin XCConfigurationList section */
		616697692C36242800FFD8BE /* Build configuration list for PBXProject "HP Trivia" */ = {
			isa = XCConfigurationList;
			buildConfigurations = (
				6166977A2C36242900FFD8BE /* Debug */,
				6166977B2C36242900FFD8BE /* Release */,
			);
			defaultConfigurationIsVisible = 0;
			defaultConfigurationName = Release;
		};
		6166977C2C36242900FFD8BE /* Build configuration list for PBXNativeTarget "HP Trivia" */ = {
			isa = XCConfigurationList;
			buildConfigurations = (
				6166977D2C36242900FFD8BE /* Debug */,
				6166977E2C36242900FFD8BE /* Release */,
			);
			defaultConfigurationIsVisible = 0;
			defaultConfigurationName = Release;
		};
/* End XCConfigurationList section */
	};
	rootObject = 616697662C36242800FFD8BE /* Project object */;
}
